
Microsoft Visual Studio Solution File, Format Version 12.00
# Visual Studio Version 17
VisualStudioVersion = 17.1.32210.238
MinimumVisualStudioVersion = 10.0.40219.1
Project("{FAE04EC0-301F-11D3-BF4B-00C04F79EFBC}") = "Accelerex", "Accelerex.csproj", "{08F34B1B-18D6-4E7E-8431-34DEAAD4D475}"
EndProject
Global
	GlobalSection(SolutionConfigurationPlatforms) = preSolution
		Debug|Any CPU = Debug|Any CPU
		Release|Any CPU = Release|Any CPU
	EndGlobalSection
	GlobalSection(ProjectConfigurationPlatforms) = postSolution
		{08F34B1B-18D6-4E7E-8431-34DEAAD4D475}.Debug|Any CPU.ActiveCfg = Debug|Any CPU
		{08F34B1B-18D6-4E7E-8431-34DEAAD4D475}.Debug|Any CPU.Build.0 = Debug|Any CPU
		{08F34B1B-18D6-4E7E-8431-34DEAAD4D475}.Release|Any CPU.ActiveCfg = Release|Any CPU
		{08F34B1B-18D6-4E7E-8431-34DEAAD4D475}.Release|Any CPU.Build.0 = Release|Any CPU
	EndGlobalSection
	GlobalSection(SolutionProperties) = preSolution
		HideSolutionNode = FALSE
	EndGlobalSection
	GlobalSection(ExtensibilityGlobals) = postSolution
		SolutionGuid = {84D43D22-47A3-4F5B-97AD-77F8AD336EE8}
	EndGlobalSection
EndGlobal
